
Microsoft Visual Studio Solution File, Format Version 12.00
# Visual Studio Version 17
VisualStudioVersion = 17.4.33403.182
MinimumVisualStudioVersion = 10.0.40219.1
Project("{FAE04EC0-301F-11D3-BF4B-00C04F79EFBC}") = "May 6", "May 6\May 6.csproj", "{FC606024-E124-46B2-9C8C-826EDEB3C8D8}"
EndProject
Global
	GlobalSection(SolutionConfigurationPlatforms) = preSolution
		Debug|Any CPU = Debug|Any CPU
		Release|Any CPU = Release|Any CPU
	EndGlobalSection
	GlobalSection(ProjectConfigurationPlatforms) = postSolution
		{FC606024-E124-46B2-9C8C-826EDEB3C8D8}.Debug|Any CPU.ActiveCfg = Debug|Any CPU
		{FC606024-E124-46B2-9C8C-826EDEB3C8D8}.Debug|Any CPU.Build.0 = Debug|Any CPU
		{FC606024-E124-46B2-9C8C-826EDEB3C8D8}.Release|Any CPU.ActiveCfg = Release|Any CPU
		{FC606024-E124-46B2-9C8C-826EDEB3C8D8}.Release|Any CPU.Build.0 = Release|Any CPU
	EndGlobalSection
	GlobalSection(SolutionProperties) = preSolution
		HideSolutionNode = FALSE
	EndGlobalSection
	GlobalSection(ExtensibilityGlobals) = postSolution
		SolutionGuid = {D37DC59F-F9D7-4083-8BA5-4599F92B7FA2}
	EndGlobalSection
EndGlobal
